
Microsoft Visual Studio Solution File, Format Version 12.00
# Visual Studio 15
Project("{FAE04EC0-301F-11D3-BF4B-00C04F79EFBC}") = "UniTask", "UniTask.csproj", "{F7AEF6D5-9C39-7D65-693F-4D135F95224D}"
EndProject
Project("{FAE04EC0-301F-11D3-BF4B-00C04F79EFBC}") = "UniTask.Linq", "UniTask.Linq.csproj", "{E3C56512-96E3-69E5-B390-EB810DA97C02}"
EndProject
Project("{FAE04EC0-301F-11D3-BF4B-00C04F79EFBC}") = "UniTask.TextMeshPro", "UniTask.TextMeshPro.csproj", "{EC1E2FD8-CDA1-928C-4BCE-AC3A165768D3}"
EndProject
Project("{FAE04EC0-301F-11D3-BF4B-00C04F79EFBC}") = "UniTask.DOTween", "UniTask.DOTween.csproj", "{896441AA-D3AF-4F9C-7375-FE25027291A1}"
EndProject
Project("{FAE04EC0-301F-11D3-BF4B-00C04F79EFBC}") = "UniTask.Addressables", "UniTask.Addressables.csproj", "{64CD34BD-E171-7F4B-22E9-E5BACF738C65}"
EndProject
Project("{FAE04EC0-301F-11D3-BF4B-00C04F79EFBC}") = "Assembly-CSharp", "Assembly-CSharp.csproj", "{92CD56CD-F231-2809-5C66-3CF4AF028F5B}"
EndProject
Project("{FAE04EC0-301F-11D3-BF4B-00C04F79EFBC}") = "UniTask.Editor", "UniTask.Editor.csproj", "{AEFD2FB5-FEDB-88B7-F7D4-5B0827552AE5}"
EndProject
Project("{FAE04EC0-301F-11D3-BF4B-00C04F79EFBC}") = "Assembly-CSharp-Editor", "Assembly-CSharp-Editor.csproj", "{6086ACC6-5A33-DB13-9D50-2883DE309211}"
EndProject
Global
	GlobalSection(SolutionConfigurationPlatforms) = preSolution
		Debug|Any CPU = Debug|Any CPU
		Release|Any CPU = Release|Any CPU
	EndGlobalSection
	GlobalSection(ProjectConfigurationPlatforms) = postSolution
		{F7AEF6D5-9C39-7D65-693F-4D135F95224D}.Debug|Any CPU.ActiveCfg = Debug|Any CPU
		{F7AEF6D5-9C39-7D65-693F-4D135F95224D}.Debug|Any CPU.Build.0 = Debug|Any CPU
		{F7AEF6D5-9C39-7D65-693F-4D135F95224D}.Release|Any CPU.ActiveCfg = Release|Any CPU
		{F7AEF6D5-9C39-7D65-693F-4D135F95224D}.Release|Any CPU.Build.0 = Release|Any CPU
		{E3C56512-96E3-69E5-B390-EB810DA97C02}.Debug|Any CPU.ActiveCfg = Debug|Any CPU
		{E3C56512-96E3-69E5-B390-EB810DA97C02}.Debug|Any CPU.Build.0 = Debug|Any CPU
		{E3C56512-96E3-69E5-B390-EB810DA97C02}.Release|Any CPU.ActiveCfg = Release|Any CPU
		{E3C56512-96E3-69E5-B390-EB810DA97C02}.Release|Any CPU.Build.0 = Release|Any CPU
		{EC1E2FD8-CDA1-928C-4BCE-AC3A165768D3}.Debug|Any CPU.ActiveCfg = Debug|Any CPU
		{EC1E2FD8-CDA1-928C-4BCE-AC3A165768D3}.Debug|Any CPU.Build.0 = Debug|Any CPU
		{EC1E2FD8-CDA1-928C-4BCE-AC3A165768D3}.Release|Any CPU.ActiveCfg = Release|Any CPU
		{EC1E2FD8-CDA1-928C-4BCE-AC3A165768D3}.Release|Any CPU.Build.0 = Release|Any CPU
		{896441AA-D3AF-4F9C-7375-FE25027291A1}.Debug|Any CPU.ActiveCfg = Debug|Any CPU
		{896441AA-D3AF-4F9C-7375-FE25027291A1}.Debug|Any CPU.Build.0 = Debug|Any CPU
		{896441AA-D3AF-4F9C-7375-FE25027291A1}.Release|Any CPU.ActiveCfg = Release|Any CPU
		{896441AA-D3AF-4F9C-7375-FE25027291A1}.Release|Any CPU.Build.0 = Release|Any CPU
		{64CD34BD-E171-7F4B-22E9-E5BACF738C65}.Debug|Any CPU.ActiveCfg = Debug|Any CPU
		{64CD34BD-E171-7F4B-22E9-E5BACF738C65}.Debug|Any CPU.Build.0 = Debug|Any CPU
		{64CD34BD-E171-7F4B-22E9-E5BACF738C65}.Release|Any CPU.ActiveCfg = Release|Any CPU
		{64CD34BD-E171-7F4B-22E9-E5BACF738C65}.Release|Any CPU.Build.0 = Release|Any CPU
		{92CD56CD-F231-2809-5C66-3CF4AF028F5B}.Debug|Any CPU.ActiveCfg = Debug|Any CPU
		{92CD56CD-F231-2809-5C66-3CF4AF028F5B}.Debug|Any CPU.Build.0 = Debug|Any CPU
		{92CD56CD-F231-2809-5C66-3CF4AF028F5B}.Release|Any CPU.ActiveCfg = Release|Any CPU
		{92CD56CD-F231-2809-5C66-3CF4AF028F5B}.Release|Any CPU.Build.0 = Release|Any CPU
		{AEFD2FB5-FEDB-88B7-F7D4-5B0827552AE5}.Debug|Any CPU.ActiveCfg = Debug|Any CPU
		{AEFD2FB5-FEDB-88B7-F7D4-5B0827552AE5}.Debug|Any CPU.Build.0 = Debug|Any CPU
		{AEFD2FB5-FEDB-88B7-F7D4-5B0827552AE5}.Release|Any CPU.ActiveCfg = Release|Any CPU
		{AEFD2FB5-FEDB-88B7-F7D4-5B0827552AE5}.Release|Any CPU.Build.0 = Release|Any CPU
		{6086ACC6-5A33-DB13-9D50-2883DE309211}.Debug|Any CPU.ActiveCfg = Debug|Any CPU
		{6086ACC6-5A33-DB13-9D50-2883DE309211}.Debug|Any CPU.Build.0 = Debug|Any CPU
		{6086ACC6-5A33-DB13-9D50-2883DE309211}.Release|Any CPU.ActiveCfg = Release|Any CPU
		{6086ACC6-5A33-DB13-9D50-2883DE309211}.Release|Any CPU.Build.0 = Release|Any CPU
	EndGlobalSection
	GlobalSection(SolutionProperties) = preSolution
		HideSolutionNode = FALSE
	EndGlobalSection
EndGlobal
